
Microsoft Visual Studio Solution File, Format Version 12.00
# Visual Studio Version 17
VisualStudioVersion = 17.7.34024.191
MinimumVisualStudioVersion = 10.0.40219.1
Project("{FAE04EC0-301F-11D3-BF4B-00C04F79EFBC}") = "Praktika_clock", "Praktika_clock\Praktika_clock.csproj", "{D6CB850B-7AEB-4109-B5EF-792D708D42C0}"
EndProject
Global
	GlobalSection(SolutionConfigurationPlatforms) = preSolution
		Debug|Any CPU = Debug|Any CPU
		Release|Any CPU = Release|Any CPU
	EndGlobalSection
	GlobalSection(ProjectConfigurationPlatforms) = postSolution
		{D6CB850B-7AEB-4109-B5EF-792D708D42C0}.Debug|Any CPU.ActiveCfg = Debug|Any CPU
		{D6CB850B-7AEB-4109-B5EF-792D708D42C0}.Debug|Any CPU.Build.0 = Debug|Any CPU
		{D6CB850B-7AEB-4109-B5EF-792D708D42C0}.Release|Any CPU.ActiveCfg = Release|Any CPU
		{D6CB850B-7AEB-4109-B5EF-792D708D42C0}.Release|Any CPU.Build.0 = Release|Any CPU
	EndGlobalSection
	GlobalSection(SolutionProperties) = preSolution
		HideSolutionNode = FALSE
	EndGlobalSection
	GlobalSection(ExtensibilityGlobals) = postSolution
		SolutionGuid = {5A893976-7FF8-4677-8094-E2B648067BBC}
	EndGlobalSection
EndGlobal
